{
  "name": "hello-marble",
  "version": "1.0.0",
  "lockfileVersion": 1,
  "requires": true,
  "dependencies": {
    "@marblejs/core": {
      "version": "2.3.1",
      "resolved": "https://registry.npmjs.org/@marblejs/core/-/core-2.3.1.tgz",
      "integrity": "sha512-lL9asX7zNtx/xPVjyeM2Ytre5d1cbtnbsE1gc5kzdinx5YDeLH2vWM9Vy+oLIKzjVKwNtDyX2QaLJpzyBwOpgQ==",
      "requires": {
        "@types/json-schema": "^7.0.3",
        "@types/qs": "^6.5.1",
        "@types/uuid": "^3.4.4",
        "chalk": "~2.4.1",
        "file-type": "^8.0.0",
        "fp-ts": "1.15.0",
        "mime": "^2.3.1",
        "path-to-regexp": "^2.4.0",
        "qs": "^6.6.0",
        "uuid": "^3.3.2"
      }
    },
    "@marblejs/middleware-body": {
      "version": "2.3.1",
      "resolved": "https://registry.npmjs.org/@marblejs/middleware-body/-/middleware-body-2.3.1.tgz",
      "integrity": "sha512-bWQd1nPTkNjnAflvaCgYeGYPbi0J8wMLeLMIyUyzhCYuQhT5HtUcF33Bb1hAvR92JSmK3/oEC5UHN5gYpYlQjw==",
      "requires": {
        "@types/qs": "^6.5.1",
        "@types/type-is": "~1.6.2",
        "qs": "^6.6.0",
        "type-is": "~1.6.16"
      }
    },
    "@marblejs/middleware-logger": {
      "version": "2.3.1",
      "resolved": "https://registry.npmjs.org/@marblejs/middleware-logger/-/middleware-logger-2.3.1.tgz",
      "integrity": "sha512-/OpX32EsjKTWNJeudMMZeiY6ciiVtpKCT9+MMzOh2Nrqu11p6CgD9TAUgKtY0PFt9P0Kpp8EWrxouPzKljmJxg==",
      "requires": {
        "chalk": "^2.4.1"
      }
    },
    "@types/json-schema": {
      "version": "7.0.3",
      "resolved": "https://registry.npmjs.org/@types/json-schema/-/json-schema-7.0.3.tgz",
      "integrity": "sha512-Il2DtDVRGDcqjDtE+rF8iqg1CArehSK84HZJCT7AMITlyXRBpuPhqGLDQMowraqqu1coEaimg4ZOqggt6L6L+A=="
    },
    "@types/node": {
      "version": "12.7.2",
      "resolved": "https://registry.npmjs.org/@types/node/-/node-12.7.2.tgz",
      "integrity": "sha512-dyYO+f6ihZEtNPDcWNR1fkoTDf3zAK3lAABDze3mz6POyIercH0lEUawUFXlG8xaQZmm1yEBON/4TsYv/laDYg=="
    },
    "@types/qs": {
      "version": "6.5.3",
      "resolved": "https://registry.npmjs.org/@types/qs/-/qs-6.5.3.tgz",
      "integrity": "sha512-Jugo5V/1bS0fRhy2z8+cUAHEyWOATaz4rbyLVvcFs7+dXp5HfwpEwzF1Q11bB10ApUqHf+yTauxI0UXQDwGrbA=="
    },
    "@types/type-is": {
      "version": "1.6.3",
      "resolved": "https://registry.npmjs.org/@types/type-is/-/type-is-1.6.3.tgz",
      "integrity": "sha512-PNs5wHaNcBgCQG5nAeeZ7OvosrEsI9O4W2jAOO9BCCg4ux9ZZvH2+0iSCOIDBiKuQsiNS8CBlmfX9f5YBQ22cA==",
      "requires": {
        "@types/node": "*"
      }
    },
    "@types/uuid": {
      "version": "3.4.5",
      "resolved": "https://registry.npmjs.org/@types/uuid/-/uuid-3.4.5.tgz",
      "integrity": "sha512-MNL15wC3EKyw1VLF+RoVO4hJJdk9t/Hlv3rt1OL65Qvuadm4BYo6g9ZJQqoq7X8NBFSsQXgAujWciovh2lpVjA==",
      "requires": {
        "@types/node": "*"
      }
    },
    "ansi-styles": {
      "version": "3.2.1",
      "resolved": "https://registry.npmjs.org/ansi-styles/-/ansi-styles-3.2.1.tgz",
      "integrity": "sha512-VT0ZI6kZRdTh8YyJw3SMbYm/u+NqfsAxEpWO0Pf9sq8/e94WxxOpPKx9FR1FlyCtOVDNOQ+8ntlqFxiRc+r5qA==",
      "requires": {
        "color-convert": "^1.9.0"
      }
    },
    "chalk": {
      "version": "2.4.2",
      "resolved": "https://registry.npmjs.org/chalk/-/chalk-2.4.2.tgz",
      "integrity": "sha512-Mti+f9lpJNcwF4tWV8/OrTTtF1gZi+f8FqlyAdouralcFWFQWF2+NgCHShjkCb+IFBLq9buZwE1xckQU4peSuQ==",
      "requires": {
        "ansi-styles": "^3.2.1",
        "escape-string-regexp": "^1.0.5",
        "supports-color": "^5.3.0"
      }
    },
    "color-convert": {
      "version": "1.9.3",
      "resolved": "https://registry.npmjs.org/color-convert/-/color-convert-1.9.3.tgz",
      "integrity": "sha512-QfAUtd+vFdAtFQcC8CCyYt1fYWxSqAiK2cSD6zDB8N3cpsEBAvRxp9zOGg6G/SHHJYAT88/az/IuDGALsNVbGg==",
      "requires": {
        "color-name": "1.1.3"
      }
    },
    "color-name": {
      "version": "1.1.3",
      "resolved": "https://registry.npmjs.org/color-name/-/color-name-1.1.3.tgz",
      "integrity": "sha1-p9BVi9icQveV3UIyj3QIMcpTvCU="
    },
    "escape-string-regexp": {
      "version": "1.0.5",
      "resolved": "https://registry.npmjs.org/escape-string-regexp/-/escape-string-regexp-1.0.5.tgz",
      "integrity": "sha1-G2HAViGQqN/2rjuyzwIAyhMLhtQ="
    },
    "file-type": {
      "version": "8.1.0",
      "resolved": "https://registry.npmjs.org/file-type/-/file-type-8.1.0.tgz",
      "integrity": "sha512-qyQ0pzAy78gVoJsmYeNgl8uH8yKhr1lVhW7JbzJmnlRi0I4R2eEDEJZVKG8agpDnLpacwNbDhLNG/LMdxHD2YQ=="
    },
    "fp-ts": {
      "version": "1.15.0",
      "resolved": "https://registry.npmjs.org/fp-ts/-/fp-ts-1.15.0.tgz",
      "integrity": "sha512-D0gnY9qnpifaqNABqSKjttOW4YVpAHK7I7hcstJllbyqS1GKzbQoAguZYr77DhXzIXnsJiqo65dCHJZq6ouxiQ=="
    },
    "has-flag": {
      "version": "3.0.0",
      "resolved": "https://registry.npmjs.org/has-flag/-/has-flag-3.0.0.tgz",
      "integrity": "sha1-tdRU3CGZriJWmfNGfloH87lVuv0="
    },
    "media-typer": {
      "version": "0.3.0",
      "resolved": "https://registry.npmjs.org/media-typer/-/media-typer-0.3.0.tgz",
      "integrity": "sha1-hxDXrwqmJvj/+hzgAWhUUmMlV0g="
    },
    "mime": {
      "version": "2.4.4",
      "resolved": "https://registry.npmjs.org/mime/-/mime-2.4.4.tgz",
      "integrity": "sha512-LRxmNwziLPT828z+4YkNzloCFC2YM4wrB99k+AV5ZbEyfGNWfG8SO1FUXLmLDBSo89NrJZ4DIWeLjy1CHGhMGA=="
    },
    "mime-db": {
      "version": "1.40.0",
      "resolved": "https://registry.npmjs.org/mime-db/-/mime-db-1.40.0.tgz",
      "integrity": "sha512-jYdeOMPy9vnxEqFRRo6ZvTZ8d9oPb+k18PKoYNYUe2stVEBPPwsln/qWzdbmaIvnhZ9v2P+CuecK+fpUfsV2mA=="
    },
    "mime-types": {
      "version": "2.1.24",
      "resolved": "https://registry.npmjs.org/mime-types/-/mime-types-2.1.24.tgz",
      "integrity": "sha512-WaFHS3MCl5fapm3oLxU4eYDw77IQM2ACcxQ9RIxfaC3ooc6PFuBMGZZsYpvoXS5D5QTWPieo1jjLdAm3TBP3cQ==",
      "requires": {
        "mime-db": "1.40.0"
      }
    },
    "path-to-regexp": {
      "version": "2.4.0",
      "resolved": "https://registry.npmjs.org/path-to-regexp/-/path-to-regexp-2.4.0.tgz",
      "integrity": "sha512-G6zHoVqC6GGTQkZwF4lkuEyMbVOjoBKAEybQUypI1WTkqinCOrq2x6U2+phkJ1XsEMTy4LjtwPI7HW+NVrRR2w=="
    },
    "qs": {
      "version": "6.8.0",
      "resolved": "https://registry.npmjs.org/qs/-/qs-6.8.0.tgz",
      "integrity": "sha512-tPSkj8y92PfZVbinY1n84i1Qdx75lZjMQYx9WZhnkofyxzw2r7Ho39G3/aEvSUdebxpnnM4LZJCtvE/Aq3+s9w=="
    },
    "rxjs": {
      "version": "6.5.2",
      "resolved": "https://registry.npmjs.org/rxjs/-/rxjs-6.5.2.tgz",
      "integrity": "sha512-HUb7j3kvb7p7eCUHE3FqjoDsC1xfZQ4AHFWfTKSpZ+sAhhz5X1WX0ZuUqWbzB2QhSLp3DoLUG+hMdEDKqWo2Zg==",
      "requires": {
        "tslib": "^1.9.0"
      }
    },
    "supports-color": {
      "version": "5.5.0",
      "resolved": "https://registry.npmjs.org/supports-color/-/supports-color-5.5.0.tgz",
      "integrity": "sha512-QjVjwdXIt408MIiAqCX4oUKsgU2EqAGzs2Ppkm4aQYbjm+ZEWEcW4SfFNTr4uMNZma0ey4f5lgLrkB0aX0QMow==",
      "requires": {
        "has-flag": "^3.0.0"
      }
    },
    "tslib": {
      "version": "1.10.0",
      "resolved": "https://registry.npmjs.org/tslib/-/tslib-1.10.0.tgz",
      "integrity": "sha512-qOebF53frne81cf0S9B41ByenJ3/IuH8yJKngAX35CmiZySA0khhkovshKK+jGCaMnVomla7gVlIcc3EvKPbTQ=="
    },
    "type-is": {
      "version": "1.6.18",
      "resolved": "https://registry.npmjs.org/type-is/-/type-is-1.6.18.tgz",
      "integrity": "sha512-TkRKr9sUTxEH8MdfuCSP7VizJyzRNMjj2J2do2Jr3Kym598JVdEksuzPQCnlFPW4ky9Q+iA+ma9BGm06XQBy8g==",
      "requires": {
        "media-typer": "0.3.0",
        "mime-types": "~2.1.24"
      }
    },
    "uuid": {
      "version": "3.3.3",
      "resolved": "https://registry.npmjs.org/uuid/-/uuid-3.3.3.tgz",
      "integrity": "sha512-pW0No1RGHgzlpHJO1nsVrHKpOEIxkGg1xB+v0ZmdNH5OAeAwzAVrCnI2/6Mtx+Uys6iaylxa+D3g4j63IKKjSQ=="
    }
  }
}
